
Microsoft Visual Studio Solution File, Format Version 12.00
# Visual Studio Version 17
VisualStudioVersion = 17.14.37203.1 d17.14
MinimumVisualStudioVersion = 10.0.40219.1
Project("{FAE04EC0-301F-11D3-BF4B-00C04F79EFBC}") = "WindowsFormsApp1", "WindowsFormsApp1\WindowsFormsApp1.csproj", "{5175E7C8-5D8D-40FC-86EA-514D3493955C}"
EndProject
Global
	GlobalSection(SolutionConfigurationPlatforms) = preSolution
		Debug|Any CPU = Debug|Any CPU
		Release|Any CPU = Release|Any CPU
	EndGlobalSection
	GlobalSection(ProjectConfigurationPlatforms) = postSolution
		{5175E7C8-5D8D-40FC-86EA-514D3493955C}.Debug|Any CPU.ActiveCfg = Debug|Any CPU
		{5175E7C8-5D8D-40FC-86EA-514D3493955C}.Debug|Any CPU.Build.0 = Debug|Any CPU
		{5175E7C8-5D8D-40FC-86EA-514D3493955C}.Release|Any CPU.ActiveCfg = Release|Any CPU
		{5175E7C8-5D8D-40FC-86EA-514D3493955C}.Release|Any CPU.Build.0 = Release|Any CPU
	EndGlobalSection
	GlobalSection(SolutionProperties) = preSolution
		HideSolutionNode = FALSE
	EndGlobalSection
	GlobalSection(ExtensibilityGlobals) = postSolution
		SolutionGuid = {816AB3CA-5D2F-41CE-835B-8E70312D820F}
	EndGlobalSection
EndGlobal
